
Microsoft Visual Studio Solution File, Format Version 12.00
# Visual Studio Version 17
VisualStudioVersion = 17.8.34330.188
MinimumVisualStudioVersion = 10.0.40219.1
Project("{9A19103F-16F7-4668-BE54-9A1E7A4F7556}") = "CalculateApi", "src\IO.Swagger\CalculateApi.csproj", "{C8C6A35B-1ECE-4E1F-82CE-066C58D9341B}"
EndProject
Global
	GlobalSection(SolutionConfigurationPlatforms) = preSolution
		Debug|Any CPU = Debug|Any CPU
		Release|Any CPU = Release|Any CPU
	EndGlobalSection
	GlobalSection(ProjectConfigurationPlatforms) = postSolution
		{C8C6A35B-1ECE-4E1F-82CE-066C58D9341B}.Debug|Any CPU.ActiveCfg = Debug|Any CPU
		{C8C6A35B-1ECE-4E1F-82CE-066C58D9341B}.Debug|Any CPU.Build.0 = Debug|Any CPU
		{C8C6A35B-1ECE-4E1F-82CE-066C58D9341B}.Release|Any CPU.ActiveCfg = Release|Any CPU
		{C8C6A35B-1ECE-4E1F-82CE-066C58D9341B}.Release|Any CPU.Build.0 = Release|Any CPU
	EndGlobalSection
	GlobalSection(SolutionProperties) = preSolution
		HideSolutionNode = FALSE
	EndGlobalSection
	GlobalSection(ExtensibilityGlobals) = postSolution
		SolutionGuid = {59DB3AC3-1487-49E5-833A-B98FF00F8D57}
	EndGlobalSection
EndGlobal
